
Microsoft Visual Studio Solution File, Format Version 12.00
# Visual Studio Version 17
VisualStudioVersion = 17.13.35931.197 d17.13
MinimumVisualStudioVersion = 10.0.40219.1
Project("{FAE04EC0-301F-11D3-BF4B-00C04F79EFBC}") = "AccessoriesShop", "AccessoriesShop\AccessoriesShop.csproj", "{46557A6A-C862-4C3F-8B74-91FC8C4F88F2}"
EndProject
Global
	GlobalSection(SolutionConfigurationPlatforms) = preSolution
		Debug|Any CPU = Debug|Any CPU
		Release|Any CPU = Release|Any CPU
	EndGlobalSection
	GlobalSection(ProjectConfigurationPlatforms) = postSolution
		{46557A6A-C862-4C3F-8B74-91FC8C4F88F2}.Debug|Any CPU.ActiveCfg = Debug|Any CPU
		{46557A6A-C862-4C3F-8B74-91FC8C4F88F2}.Debug|Any CPU.Build.0 = Debug|Any CPU
		{46557A6A-C862-4C3F-8B74-91FC8C4F88F2}.Release|Any CPU.ActiveCfg = Release|Any CPU
		{46557A6A-C862-4C3F-8B74-91FC8C4F88F2}.Release|Any CPU.Build.0 = Release|Any CPU
	EndGlobalSection
	GlobalSection(SolutionProperties) = preSolution
		HideSolutionNode = FALSE
	EndGlobalSection
	GlobalSection(ExtensibilityGlobals) = postSolution
		SolutionGuid = {CDA61D1B-6137-4DAF-8431-699D9D1DC205}
	EndGlobalSection
EndGlobal
